
Microsoft Visual Studio Solution File, Format Version 12.00
Project("{FAE04EC0-301F-11D3-BF4B-00C04F79EFBC}") = "course-api", "course-api\course-api.csproj", "{0FE0583F-2BCD-494F-8BEA-56468141AEDF}"
EndProject
Global
	GlobalSection(SolutionConfigurationPlatforms) = preSolution
		Debug|Any CPU = Debug|Any CPU
		Release|Any CPU = Release|Any CPU
	EndGlobalSection
	GlobalSection(ProjectConfigurationPlatforms) = postSolution
		{0FE0583F-2BCD-494F-8BEA-56468141AEDF}.Debug|Any CPU.ActiveCfg = Debug|Any CPU
		{0FE0583F-2BCD-494F-8BEA-56468141AEDF}.Debug|Any CPU.Build.0 = Debug|Any CPU
		{0FE0583F-2BCD-494F-8BEA-56468141AEDF}.Release|Any CPU.ActiveCfg = Release|Any CPU
		{0FE0583F-2BCD-494F-8BEA-56468141AEDF}.Release|Any CPU.Build.0 = Release|Any CPU
	EndGlobalSection
EndGlobal
